
Microsoft Visual Studio Solution File, Format Version 12.00
# Visual Studio 15
VisualStudioVersion = 15.0.27130.2027
MinimumVisualStudioVersion = 10.0.40219.1
Project("{FAE04EC0-301F-11D3-BF4B-00C04F79EFBC}") = "YAS", "YAS\YAS.csproj", "{6C0312CE-565A-461F-9B3D-FE95060340A0}"
EndProject
Global
	GlobalSection(SolutionConfigurationPlatforms) = preSolution
		Debug|Any CPU = Debug|Any CPU
		Release|Any CPU = Release|Any CPU
	EndGlobalSection
	GlobalSection(ProjectConfigurationPlatforms) = postSolution
		{6C0312CE-565A-461F-9B3D-FE95060340A0}.Debug|Any CPU.ActiveCfg = Debug|Any CPU
		{6C0312CE-565A-461F-9B3D-FE95060340A0}.Debug|Any CPU.Build.0 = Debug|Any CPU
		{6C0312CE-565A-461F-9B3D-FE95060340A0}.Release|Any CPU.ActiveCfg = Release|Any CPU
		{6C0312CE-565A-461F-9B3D-FE95060340A0}.Release|Any CPU.Build.0 = Release|Any CPU
	EndGlobalSection
	GlobalSection(SolutionProperties) = preSolution
		HideSolutionNode = FALSE
	EndGlobalSection
	GlobalSection(ExtensibilityGlobals) = postSolution
		SolutionGuid = {36970619-FFB7-482E-91AC-2C3A158234C2}
	EndGlobalSection
EndGlobal
